
Microsoft Visual Studio Solution File, Format Version 12.00
# Visual Studio Version 16
VisualStudioVersion = 16.0.30114.105
MinimumVisualStudioVersion = 10.0.40219.1
Project("{FAE04EC0-301F-11D3-BF4B-00C04F79EFBC}") = "OpenApi.Pwsh", "OpenApi.Pwsh\OpenApi.Pwsh.csproj", "{8C924B62-878C-4311-9425-4ED3E629B6ED}"
EndProject
Project("{FAE04EC0-301F-11D3-BF4B-00C04F79EFBC}") = "OpenApi.Pwsh.Test", "OpenApi.Pwsh.Test\OpenApi.Pwsh.Test.csproj", "{C013414B-59BC-4004-A079-CAA3630D9CC6}"
EndProject
Global
	GlobalSection(SolutionConfigurationPlatforms) = preSolution
		Debug|Any CPU = Debug|Any CPU
		Release|Any CPU = Release|Any CPU
	EndGlobalSection
	GlobalSection(SolutionProperties) = preSolution
		HideSolutionNode = FALSE
	EndGlobalSection
	GlobalSection(ProjectConfigurationPlatforms) = postSolution
		{8C924B62-878C-4311-9425-4ED3E629B6ED}.Debug|Any CPU.ActiveCfg = Debug|Any CPU
		{8C924B62-878C-4311-9425-4ED3E629B6ED}.Debug|Any CPU.Build.0 = Debug|Any CPU
		{8C924B62-878C-4311-9425-4ED3E629B6ED}.Release|Any CPU.ActiveCfg = Release|Any CPU
		{8C924B62-878C-4311-9425-4ED3E629B6ED}.Release|Any CPU.Build.0 = Release|Any CPU
		{C013414B-59BC-4004-A079-CAA3630D9CC6}.Debug|Any CPU.ActiveCfg = Debug|Any CPU
		{C013414B-59BC-4004-A079-CAA3630D9CC6}.Debug|Any CPU.Build.0 = Debug|Any CPU
		{C013414B-59BC-4004-A079-CAA3630D9CC6}.Release|Any CPU.ActiveCfg = Release|Any CPU
		{C013414B-59BC-4004-A079-CAA3630D9CC6}.Release|Any CPU.Build.0 = Release|Any CPU
	EndGlobalSection
EndGlobal
